
Microsoft Visual Studio Solution File, Format Version 12.00
# Visual Studio Version 17
VisualStudioVersion = 17.0.32014.148
MinimumVisualStudioVersion = 10.0.40219.1
Project("{FAE04EC0-301F-11D3-BF4B-00C04F79EFBC}") = "WebProxyService", "WebProxyService\WebProxyService.csproj", "{BF44DF68-FE49-4104-8616-C7D6E95B406F}"
EndProject
Global
	GlobalSection(SolutionConfigurationPlatforms) = preSolution
		Debug|Any CPU = Debug|Any CPU
		Release|Any CPU = Release|Any CPU
	EndGlobalSection
	GlobalSection(ProjectConfigurationPlatforms) = postSolution
		{BF44DF68-FE49-4104-8616-C7D6E95B406F}.Debug|Any CPU.ActiveCfg = Debug|Any CPU
		{BF44DF68-FE49-4104-8616-C7D6E95B406F}.Debug|Any CPU.Build.0 = Debug|Any CPU
		{BF44DF68-FE49-4104-8616-C7D6E95B406F}.Release|Any CPU.ActiveCfg = Release|Any CPU
		{BF44DF68-FE49-4104-8616-C7D6E95B406F}.Release|Any CPU.Build.0 = Release|Any CPU
	EndGlobalSection
	GlobalSection(SolutionProperties) = preSolution
		HideSolutionNode = FALSE
	EndGlobalSection
	GlobalSection(ExtensibilityGlobals) = postSolution
		SolutionGuid = {EFE089FC-F88B-4531-9A0B-75545B425159}
	EndGlobalSection
EndGlobal
